
Microsoft Visual Studio Solution File, Format Version 12.00
# Visual Studio Version 17
VisualStudioVersion = 17.11.35327.3
MinimumVisualStudioVersion = 10.0.40219.1
Project("{FAE04EC0-301F-11D3-BF4B-00C04F79EFBC}") = "Lab10_2", "Lab10_2\Lab10_2.csproj", "{49E4EA58-C24C-4AB6-9E4E-9C702A761A47}"
EndProject
Global
	GlobalSection(SolutionConfigurationPlatforms) = preSolution
		Debug|Any CPU = Debug|Any CPU
		Release|Any CPU = Release|Any CPU
	EndGlobalSection
	GlobalSection(ProjectConfigurationPlatforms) = postSolution
		{49E4EA58-C24C-4AB6-9E4E-9C702A761A47}.Debug|Any CPU.ActiveCfg = Debug|Any CPU
		{49E4EA58-C24C-4AB6-9E4E-9C702A761A47}.Debug|Any CPU.Build.0 = Debug|Any CPU
		{49E4EA58-C24C-4AB6-9E4E-9C702A761A47}.Release|Any CPU.ActiveCfg = Release|Any CPU
		{49E4EA58-C24C-4AB6-9E4E-9C702A761A47}.Release|Any CPU.Build.0 = Release|Any CPU
	EndGlobalSection
	GlobalSection(SolutionProperties) = preSolution
		HideSolutionNode = FALSE
	EndGlobalSection
	GlobalSection(ExtensibilityGlobals) = postSolution
		SolutionGuid = {C76C37D3-D4E3-4302-9BA9-D9C4014199E2}
	EndGlobalSection
EndGlobal
