
Microsoft Visual Studio Solution File, Format Version 12.00
# Visual Studio Version 17
VisualStudioVersion = 17.11.35327.3
MinimumVisualStudioVersion = 10.0.40219.1
Project("{FAE04EC0-301F-11D3-BF4B-00C04F79EFBC}") = "MK2", "MK2\MK2.csproj", "{B1951B41-1D2F-4C4B-95C0-A23FE206BEEC}"
EndProject
Project("{FAE04EC0-301F-11D3-BF4B-00C04F79EFBC}") = "MK3", "MK3\MK3.csproj", "{F92C38D5-7B68-4C21-B377-955A2EEB1A19}"
EndProject
Global
	GlobalSection(SolutionConfigurationPlatforms) = preSolution
		Debug|Any CPU = Debug|Any CPU
		Release|Any CPU = Release|Any CPU
	EndGlobalSection
	GlobalSection(ProjectConfigurationPlatforms) = postSolution
		{B1951B41-1D2F-4C4B-95C0-A23FE206BEEC}.Debug|Any CPU.ActiveCfg = Debug|Any CPU
		{B1951B41-1D2F-4C4B-95C0-A23FE206BEEC}.Debug|Any CPU.Build.0 = Debug|Any CPU
		{B1951B41-1D2F-4C4B-95C0-A23FE206BEEC}.Release|Any CPU.ActiveCfg = Release|Any CPU
		{B1951B41-1D2F-4C4B-95C0-A23FE206BEEC}.Release|Any CPU.Build.0 = Release|Any CPU
		{F92C38D5-7B68-4C21-B377-955A2EEB1A19}.Debug|Any CPU.ActiveCfg = Debug|Any CPU
		{F92C38D5-7B68-4C21-B377-955A2EEB1A19}.Debug|Any CPU.Build.0 = Debug|Any CPU
		{F92C38D5-7B68-4C21-B377-955A2EEB1A19}.Release|Any CPU.ActiveCfg = Release|Any CPU
		{F92C38D5-7B68-4C21-B377-955A2EEB1A19}.Release|Any CPU.Build.0 = Release|Any CPU
	EndGlobalSection
	GlobalSection(SolutionProperties) = preSolution
		HideSolutionNode = FALSE
	EndGlobalSection
	GlobalSection(ExtensibilityGlobals) = postSolution
		SolutionGuid = {D2180F10-9026-494C-A165-C44B275E4ED8}
	EndGlobalSection
EndGlobal
