
Microsoft Visual Studio Solution File, Format Version 12.00
# Visual Studio Version 17
VisualStudioVersion = 17.11.35327.3
MinimumVisualStudioVersion = 10.0.40219.1
Project("{FAE04EC0-301F-11D3-BF4B-00C04F79EFBC}") = "ECommerceApp", "ECommerceApp\ECommerceApp.csproj", "{CB9389C8-C322-4D01-959A-A3081E69255A}"
EndProject
Global
	GlobalSection(SolutionConfigurationPlatforms) = preSolution
		Debug|Any CPU = Debug|Any CPU
		Release|Any CPU = Release|Any CPU
	EndGlobalSection
	GlobalSection(ProjectConfigurationPlatforms) = postSolution
		{CB9389C8-C322-4D01-959A-A3081E69255A}.Debug|Any CPU.ActiveCfg = Debug|Any CPU
		{CB9389C8-C322-4D01-959A-A3081E69255A}.Debug|Any CPU.Build.0 = Debug|Any CPU
		{CB9389C8-C322-4D01-959A-A3081E69255A}.Release|Any CPU.ActiveCfg = Release|Any CPU
		{CB9389C8-C322-4D01-959A-A3081E69255A}.Release|Any CPU.Build.0 = Release|Any CPU
	EndGlobalSection
	GlobalSection(SolutionProperties) = preSolution
		HideSolutionNode = FALSE
	EndGlobalSection
	GlobalSection(ExtensibilityGlobals) = postSolution
		SolutionGuid = {ED86864F-72F1-42AB-9EF6-4BCEC6A89A4C}
	EndGlobalSection
EndGlobal
