
Microsoft Visual Studio Solution File, Format Version 12.00
# Visual Studio Version 17
VisualStudioVersion = 17.11.35327.3
MinimumVisualStudioVersion = 10.0.40219.1
Project("{FAE04EC0-301F-11D3-BF4B-00C04F79EFBC}") = "HelloMvcApp", "HelloMvcApp\HelloMvcApp.csproj", "{D45BE1A0-59AA-4287-A892-89DF43A1A605}"
EndProject
Global
	GlobalSection(SolutionConfigurationPlatforms) = preSolution
		Debug|Any CPU = Debug|Any CPU
		Release|Any CPU = Release|Any CPU
	EndGlobalSection
	GlobalSection(ProjectConfigurationPlatforms) = postSolution
		{D45BE1A0-59AA-4287-A892-89DF43A1A605}.Debug|Any CPU.ActiveCfg = Debug|Any CPU
		{D45BE1A0-59AA-4287-A892-89DF43A1A605}.Debug|Any CPU.Build.0 = Debug|Any CPU
		{D45BE1A0-59AA-4287-A892-89DF43A1A605}.Release|Any CPU.ActiveCfg = Release|Any CPU
		{D45BE1A0-59AA-4287-A892-89DF43A1A605}.Release|Any CPU.Build.0 = Release|Any CPU
	EndGlobalSection
	GlobalSection(SolutionProperties) = preSolution
		HideSolutionNode = FALSE
	EndGlobalSection
	GlobalSection(ExtensibilityGlobals) = postSolution
		SolutionGuid = {02E8DFEA-0EFB-4F88-A954-195E6C43C93B}
	EndGlobalSection
EndGlobal
