
Microsoft Visual Studio Solution File, Format Version 12.00
# Visual Studio Version 17
VisualStudioVersion = 17.0.31903.59
MinimumVisualStudioVersion = 10.0.40219.1
Project("{FAE04EC0-301F-11D3-BF4B-00C04F79EFBC}") = "lab4", "lab4\lab4.csproj", "{A6C19386-6879-4822-9D9D-8F0D7A82686E}"
EndProject
Global
	GlobalSection(SolutionConfigurationPlatforms) = preSolution
		Debug|Any CPU = Debug|Any CPU
		Release|Any CPU = Release|Any CPU
	EndGlobalSection
	GlobalSection(SolutionProperties) = preSolution
		HideSolutionNode = FALSE
	EndGlobalSection
	GlobalSection(ProjectConfigurationPlatforms) = postSolution
		{A6C19386-6879-4822-9D9D-8F0D7A82686E}.Debug|Any CPU.ActiveCfg = Debug|Any CPU
		{A6C19386-6879-4822-9D9D-8F0D7A82686E}.Debug|Any CPU.Build.0 = Debug|Any CPU
		{A6C19386-6879-4822-9D9D-8F0D7A82686E}.Release|Any CPU.ActiveCfg = Release|Any CPU
		{A6C19386-6879-4822-9D9D-8F0D7A82686E}.Release|Any CPU.Build.0 = Release|Any CPU
	EndGlobalSection
EndGlobal
