
Microsoft Visual Studio Solution File, Format Version 12.00
# Visual Studio Version 17
VisualStudioVersion = 17.11.35327.3
MinimumVisualStudioVersion = 10.0.40219.1
Project("{FAE04EC0-301F-11D3-BF4B-00C04F79EFBC}") = "Lab15", "Lab15\Lab15.csproj", "{B42D59D7-8E2C-48EF-9B8C-B8F72EDE1D5B}"
EndProject
Global
	GlobalSection(SolutionConfigurationPlatforms) = preSolution
		Debug|Any CPU = Debug|Any CPU
		Release|Any CPU = Release|Any CPU
	EndGlobalSection
	GlobalSection(ProjectConfigurationPlatforms) = postSolution
		{B42D59D7-8E2C-48EF-9B8C-B8F72EDE1D5B}.Debug|Any CPU.ActiveCfg = Debug|Any CPU
		{B42D59D7-8E2C-48EF-9B8C-B8F72EDE1D5B}.Debug|Any CPU.Build.0 = Debug|Any CPU
		{B42D59D7-8E2C-48EF-9B8C-B8F72EDE1D5B}.Release|Any CPU.ActiveCfg = Release|Any CPU
		{B42D59D7-8E2C-48EF-9B8C-B8F72EDE1D5B}.Release|Any CPU.Build.0 = Release|Any CPU
	EndGlobalSection
	GlobalSection(SolutionProperties) = preSolution
		HideSolutionNode = FALSE
	EndGlobalSection
	GlobalSection(ExtensibilityGlobals) = postSolution
		SolutionGuid = {4106FA7B-DC98-48D1-95C1-4E041F89E0DE}
	EndGlobalSection
EndGlobal
