
Microsoft Visual Studio Solution File, Format Version 12.00
# Visual Studio Version 17
VisualStudioVersion = 17.11.35327.3
MinimumVisualStudioVersion = 10.0.40219.1
Project("{FAE04EC0-301F-11D3-BF4B-00C04F79EFBC}") = "Lab9", "Lab9\Lab9.csproj", "{B681B79A-1CA0-4CF9-BF3D-A3CA3A17DE58}"
EndProject
Global
	GlobalSection(SolutionConfigurationPlatforms) = preSolution
		Debug|Any CPU = Debug|Any CPU
		Release|Any CPU = Release|Any CPU
	EndGlobalSection
	GlobalSection(ProjectConfigurationPlatforms) = postSolution
		{B681B79A-1CA0-4CF9-BF3D-A3CA3A17DE58}.Debug|Any CPU.ActiveCfg = Debug|Any CPU
		{B681B79A-1CA0-4CF9-BF3D-A3CA3A17DE58}.Debug|Any CPU.Build.0 = Debug|Any CPU
		{B681B79A-1CA0-4CF9-BF3D-A3CA3A17DE58}.Release|Any CPU.ActiveCfg = Release|Any CPU
		{B681B79A-1CA0-4CF9-BF3D-A3CA3A17DE58}.Release|Any CPU.Build.0 = Release|Any CPU
	EndGlobalSection
	GlobalSection(SolutionProperties) = preSolution
		HideSolutionNode = FALSE
	EndGlobalSection
	GlobalSection(ExtensibilityGlobals) = postSolution
		SolutionGuid = {1EEE5AE3-7A30-41FE-8E77-B4D2F40A2F98}
	EndGlobalSection
EndGlobal
