
Microsoft Visual Studio Solution File, Format Version 12.00
# Visual Studio Version 17
VisualStudioVersion = 17.11.35327.3
MinimumVisualStudioVersion = 10.0.40219.1
Project("{FAE04EC0-301F-11D3-BF4B-00C04F79EFBC}") = "Lab8", "Lab8\Lab8.csproj", "{EBE2C17F-E8FA-4A16-BE30-8FAF60C44ED4}"
EndProject
Global
	GlobalSection(SolutionConfigurationPlatforms) = preSolution
		Debug|Any CPU = Debug|Any CPU
		Release|Any CPU = Release|Any CPU
	EndGlobalSection
	GlobalSection(ProjectConfigurationPlatforms) = postSolution
		{EBE2C17F-E8FA-4A16-BE30-8FAF60C44ED4}.Debug|Any CPU.ActiveCfg = Debug|Any CPU
		{EBE2C17F-E8FA-4A16-BE30-8FAF60C44ED4}.Debug|Any CPU.Build.0 = Debug|Any CPU
		{EBE2C17F-E8FA-4A16-BE30-8FAF60C44ED4}.Release|Any CPU.ActiveCfg = Release|Any CPU
		{EBE2C17F-E8FA-4A16-BE30-8FAF60C44ED4}.Release|Any CPU.Build.0 = Release|Any CPU
	EndGlobalSection
	GlobalSection(SolutionProperties) = preSolution
		HideSolutionNode = FALSE
	EndGlobalSection
	GlobalSection(ExtensibilityGlobals) = postSolution
		SolutionGuid = {C6D7FB86-82F1-459C-A7DD-25130C800F70}
	EndGlobalSection
EndGlobal
