
Microsoft Visual Studio Solution File, Format Version 12.00
# Visual Studio Version 17
VisualStudioVersion = 17.11.35327.3
MinimumVisualStudioVersion = 10.0.40219.1
Project("{FAE04EC0-301F-11D3-BF4B-00C04F79EFBC}") = "Lab1", "Lab1\Lab1.csproj", "{DD752B94-1DC3-4677-A7EB-F5BBD0C71DEF}"
EndProject
Global
	GlobalSection(SolutionConfigurationPlatforms) = preSolution
		Debug|Any CPU = Debug|Any CPU
		Release|Any CPU = Release|Any CPU
	EndGlobalSection
	GlobalSection(ProjectConfigurationPlatforms) = postSolution
		{DD752B94-1DC3-4677-A7EB-F5BBD0C71DEF}.Debug|Any CPU.ActiveCfg = Debug|Any CPU
		{DD752B94-1DC3-4677-A7EB-F5BBD0C71DEF}.Debug|Any CPU.Build.0 = Debug|Any CPU
		{DD752B94-1DC3-4677-A7EB-F5BBD0C71DEF}.Release|Any CPU.ActiveCfg = Release|Any CPU
		{DD752B94-1DC3-4677-A7EB-F5BBD0C71DEF}.Release|Any CPU.Build.0 = Release|Any CPU
	EndGlobalSection
	GlobalSection(SolutionProperties) = preSolution
		HideSolutionNode = FALSE
	EndGlobalSection
	GlobalSection(ExtensibilityGlobals) = postSolution
		SolutionGuid = {E807F8B9-B6A0-4B93-84A0-969C9D2F111A}
	EndGlobalSection
EndGlobal
