
Microsoft Visual Studio Solution File, Format Version 12.00
# Visual Studio Version 17
VisualStudioVersion = 17.11.35312.102
MinimumVisualStudioVersion = 10.0.40219.1
Project("{FAE04EC0-301F-11D3-BF4B-00C04F79EFBC}") = "Lab_9_Arzhanova", "Lab_9_Arzhanova\Lab_9_Arzhanova.csproj", "{9FFF8F80-E17C-4E1D-9E15-25DBE9641BD7}"
EndProject
Global
	GlobalSection(SolutionConfigurationPlatforms) = preSolution
		Debug|Any CPU = Debug|Any CPU
		Release|Any CPU = Release|Any CPU
	EndGlobalSection
	GlobalSection(ProjectConfigurationPlatforms) = postSolution
		{9FFF8F80-E17C-4E1D-9E15-25DBE9641BD7}.Debug|Any CPU.ActiveCfg = Debug|Any CPU
		{9FFF8F80-E17C-4E1D-9E15-25DBE9641BD7}.Debug|Any CPU.Build.0 = Debug|Any CPU
		{9FFF8F80-E17C-4E1D-9E15-25DBE9641BD7}.Release|Any CPU.ActiveCfg = Release|Any CPU
		{9FFF8F80-E17C-4E1D-9E15-25DBE9641BD7}.Release|Any CPU.Build.0 = Release|Any CPU
	EndGlobalSection
	GlobalSection(SolutionProperties) = preSolution
		HideSolutionNode = FALSE
	EndGlobalSection
	GlobalSection(ExtensibilityGlobals) = postSolution
		SolutionGuid = {00B4C48E-9767-4C14-BC4C-318614689D4D}
	EndGlobalSection
EndGlobal
