
Microsoft Visual Studio Solution File, Format Version 12.00
# Visual Studio Version 17
VisualStudioVersion = 17.11.35327.3
MinimumVisualStudioVersion = 10.0.40219.1
Project("{FAE04EC0-301F-11D3-BF4B-00C04F79EFBC}") = "Lab13", "Lab13\Lab13.csproj", "{F267A324-DA2D-452E-A16B-AA5CC2CEB6A6}"
EndProject
Global
	GlobalSection(SolutionConfigurationPlatforms) = preSolution
		Debug|Any CPU = Debug|Any CPU
		Release|Any CPU = Release|Any CPU
	EndGlobalSection
	GlobalSection(ProjectConfigurationPlatforms) = postSolution
		{F267A324-DA2D-452E-A16B-AA5CC2CEB6A6}.Debug|Any CPU.ActiveCfg = Debug|Any CPU
		{F267A324-DA2D-452E-A16B-AA5CC2CEB6A6}.Debug|Any CPU.Build.0 = Debug|Any CPU
		{F267A324-DA2D-452E-A16B-AA5CC2CEB6A6}.Release|Any CPU.ActiveCfg = Release|Any CPU
		{F267A324-DA2D-452E-A16B-AA5CC2CEB6A6}.Release|Any CPU.Build.0 = Release|Any CPU
	EndGlobalSection
	GlobalSection(SolutionProperties) = preSolution
		HideSolutionNode = FALSE
	EndGlobalSection
	GlobalSection(ExtensibilityGlobals) = postSolution
		SolutionGuid = {69EFB177-15A0-447B-9C43-FA0DF4C139E8}
	EndGlobalSection
EndGlobal
