
Microsoft Visual Studio Solution File, Format Version 12.00
# Visual Studio Version 17
VisualStudioVersion = 17.11.35327.3
MinimumVisualStudioVersion = 10.0.40219.1
Project("{FAE04EC0-301F-11D3-BF4B-00C04F79EFBC}") = "RazorDemoApp", "RazorDemoApp\RazorDemoApp.csproj", "{6371E3E5-53E4-42BD-968C-F8C371842C31}"
EndProject
Global
	GlobalSection(SolutionConfigurationPlatforms) = preSolution
		Debug|Any CPU = Debug|Any CPU
		Release|Any CPU = Release|Any CPU
	EndGlobalSection
	GlobalSection(ProjectConfigurationPlatforms) = postSolution
		{6371E3E5-53E4-42BD-968C-F8C371842C31}.Debug|Any CPU.ActiveCfg = Debug|Any CPU
		{6371E3E5-53E4-42BD-968C-F8C371842C31}.Debug|Any CPU.Build.0 = Debug|Any CPU
		{6371E3E5-53E4-42BD-968C-F8C371842C31}.Release|Any CPU.ActiveCfg = Release|Any CPU
		{6371E3E5-53E4-42BD-968C-F8C371842C31}.Release|Any CPU.Build.0 = Release|Any CPU
	EndGlobalSection
	GlobalSection(SolutionProperties) = preSolution
		HideSolutionNode = FALSE
	EndGlobalSection
	GlobalSection(ExtensibilityGlobals) = postSolution
		SolutionGuid = {9B2150EE-2714-4F7F-8058-6558F1BD6018}
	EndGlobalSection
EndGlobal
