
Microsoft Visual Studio Solution File, Format Version 12.00
# Visual Studio Version 17
VisualStudioVersion = 17.11.35327.3
MinimumVisualStudioVersion = 10.0.40219.1
Project("{FAE04EC0-301F-11D3-BF4B-00C04F79EFBC}") = "Lab2", "Lab2\Lab2.csproj", "{9DF2A799-C1C4-411D-95CB-B75FFB367C84}"
EndProject
Global
	GlobalSection(SolutionConfigurationPlatforms) = preSolution
		Debug|Any CPU = Debug|Any CPU
		Release|Any CPU = Release|Any CPU
	EndGlobalSection
	GlobalSection(ProjectConfigurationPlatforms) = postSolution
		{9DF2A799-C1C4-411D-95CB-B75FFB367C84}.Debug|Any CPU.ActiveCfg = Debug|Any CPU
		{9DF2A799-C1C4-411D-95CB-B75FFB367C84}.Debug|Any CPU.Build.0 = Debug|Any CPU
		{9DF2A799-C1C4-411D-95CB-B75FFB367C84}.Release|Any CPU.ActiveCfg = Release|Any CPU
		{9DF2A799-C1C4-411D-95CB-B75FFB367C84}.Release|Any CPU.Build.0 = Release|Any CPU
	EndGlobalSection
	GlobalSection(SolutionProperties) = preSolution
		HideSolutionNode = FALSE
	EndGlobalSection
	GlobalSection(ExtensibilityGlobals) = postSolution
		SolutionGuid = {BB82B322-AF5F-47E9-9287-85495D0D097B}
	EndGlobalSection
EndGlobal
