
Microsoft Visual Studio Solution File, Format Version 12.00
# Visual Studio Version 17
VisualStudioVersion = 17.5.002.0
MinimumVisualStudioVersion = 10.0.40219.1
Project("{9A19103F-16F7-4668-BE54-9A1E7A4F7556}") = "HelloWorld", "HelloWorld.csproj", "{169546EF-9891-4DC3-B18B-3D6E195F8ECE}"
EndProject
Project("{FAE04EC0-301F-11D3-BF4B-00C04F79EFBC}") = "TestProject1", "..\TestProject1\TestProject1.csproj", "{53ACCFCA-1794-4BF9-BF97-B364581A3F2A}"
EndProject
Global
	GlobalSection(SolutionConfigurationPlatforms) = preSolution
		Debug|Any CPU = Debug|Any CPU
		Release|Any CPU = Release|Any CPU
	EndGlobalSection
	GlobalSection(ProjectConfigurationPlatforms) = postSolution
		{169546EF-9891-4DC3-B18B-3D6E195F8ECE}.Debug|Any CPU.ActiveCfg = Debug|Any CPU
		{169546EF-9891-4DC3-B18B-3D6E195F8ECE}.Debug|Any CPU.Build.0 = Debug|Any CPU
		{169546EF-9891-4DC3-B18B-3D6E195F8ECE}.Release|Any CPU.ActiveCfg = Release|Any CPU
		{169546EF-9891-4DC3-B18B-3D6E195F8ECE}.Release|Any CPU.Build.0 = Release|Any CPU
		{53ACCFCA-1794-4BF9-BF97-B364581A3F2A}.Debug|Any CPU.ActiveCfg = Debug|Any CPU
		{53ACCFCA-1794-4BF9-BF97-B364581A3F2A}.Debug|Any CPU.Build.0 = Debug|Any CPU
		{53ACCFCA-1794-4BF9-BF97-B364581A3F2A}.Release|Any CPU.ActiveCfg = Release|Any CPU
		{53ACCFCA-1794-4BF9-BF97-B364581A3F2A}.Release|Any CPU.Build.0 = Release|Any CPU
	EndGlobalSection
	GlobalSection(SolutionProperties) = preSolution
		HideSolutionNode = FALSE
	EndGlobalSection
	GlobalSection(ExtensibilityGlobals) = postSolution
		SolutionGuid = {1C109D0D-F8C5-4111-A2E8-F9E3482A71EB}
	EndGlobalSection
EndGlobal
