
Microsoft Visual Studio Solution File, Format Version 12.00
# Visual Studio Version 17
VisualStudioVersion = 17.11.35327.3
MinimumVisualStudioVersion = 10.0.40219.1
Project("{FAE04EC0-301F-11D3-BF4B-00C04F79EFBC}") = "Lab3", "Lab3\Lab3.csproj", "{2EEAC111-2047-42F5-952E-8BFC5C859976}"
EndProject
Global
	GlobalSection(SolutionConfigurationPlatforms) = preSolution
		Debug|Any CPU = Debug|Any CPU
		Release|Any CPU = Release|Any CPU
	EndGlobalSection
	GlobalSection(ProjectConfigurationPlatforms) = postSolution
		{2EEAC111-2047-42F5-952E-8BFC5C859976}.Debug|Any CPU.ActiveCfg = Debug|Any CPU
		{2EEAC111-2047-42F5-952E-8BFC5C859976}.Debug|Any CPU.Build.0 = Debug|Any CPU
		{2EEAC111-2047-42F5-952E-8BFC5C859976}.Release|Any CPU.ActiveCfg = Release|Any CPU
		{2EEAC111-2047-42F5-952E-8BFC5C859976}.Release|Any CPU.Build.0 = Release|Any CPU
	EndGlobalSection
	GlobalSection(SolutionProperties) = preSolution
		HideSolutionNode = FALSE
	EndGlobalSection
	GlobalSection(ExtensibilityGlobals) = postSolution
		SolutionGuid = {2BE5B0DC-B9A7-44BF-841E-6BE9CCD5FF79}
	EndGlobalSection
EndGlobal
