
Microsoft Visual Studio Solution File, Format Version 12.00
# Visual Studio Version 17
VisualStudioVersion = 17.11.35327.3
MinimumVisualStudioVersion = 10.0.40219.1
Project("{FAE04EC0-301F-11D3-BF4B-00C04F79EFBC}") = "lab3", "lab3\lab3.csproj", "{EBB8349A-6771-4205-B683-B447F42AD0FC}"
EndProject
Global
	GlobalSection(SolutionConfigurationPlatforms) = preSolution
		Debug|Any CPU = Debug|Any CPU
		Release|Any CPU = Release|Any CPU
	EndGlobalSection
	GlobalSection(ProjectConfigurationPlatforms) = postSolution
		{EBB8349A-6771-4205-B683-B447F42AD0FC}.Debug|Any CPU.ActiveCfg = Debug|Any CPU
		{EBB8349A-6771-4205-B683-B447F42AD0FC}.Debug|Any CPU.Build.0 = Debug|Any CPU
		{EBB8349A-6771-4205-B683-B447F42AD0FC}.Release|Any CPU.ActiveCfg = Release|Any CPU
		{EBB8349A-6771-4205-B683-B447F42AD0FC}.Release|Any CPU.Build.0 = Release|Any CPU
	EndGlobalSection
	GlobalSection(SolutionProperties) = preSolution
		HideSolutionNode = FALSE
	EndGlobalSection
	GlobalSection(ExtensibilityGlobals) = postSolution
		SolutionGuid = {55A1C036-7367-444B-A7F5-2414420D4830}
	EndGlobalSection
EndGlobal
