
Microsoft Visual Studio Solution File, Format Version 12.00
# Visual Studio Version 17
VisualStudioVersion = 17.11.35327.3
MinimumVisualStudioVersion = 10.0.40219.1
Project("{FAE04EC0-301F-11D3-BF4B-00C04F79EFBC}") = "lab7", "lab7\lab7.csproj", "{706F5FFE-9FF5-4FDC-9B1D-517BCC26A523}"
EndProject
Global
	GlobalSection(SolutionConfigurationPlatforms) = preSolution
		Debug|Any CPU = Debug|Any CPU
		Release|Any CPU = Release|Any CPU
	EndGlobalSection
	GlobalSection(ProjectConfigurationPlatforms) = postSolution
		{706F5FFE-9FF5-4FDC-9B1D-517BCC26A523}.Debug|Any CPU.ActiveCfg = Debug|Any CPU
		{706F5FFE-9FF5-4FDC-9B1D-517BCC26A523}.Debug|Any CPU.Build.0 = Debug|Any CPU
		{706F5FFE-9FF5-4FDC-9B1D-517BCC26A523}.Release|Any CPU.ActiveCfg = Release|Any CPU
		{706F5FFE-9FF5-4FDC-9B1D-517BCC26A523}.Release|Any CPU.Build.0 = Release|Any CPU
	EndGlobalSection
	GlobalSection(SolutionProperties) = preSolution
		HideSolutionNode = FALSE
	EndGlobalSection
	GlobalSection(ExtensibilityGlobals) = postSolution
		SolutionGuid = {022D9F4A-5722-4D11-9DCA-77319AF58864}
	EndGlobalSection
EndGlobal
