
Microsoft Visual Studio Solution File, Format Version 12.00
# Visual Studio Version 17
VisualStudioVersion = 17.11.35327.3
MinimumVisualStudioVersion = 10.0.40219.1
Project("{FAE04EC0-301F-11D3-BF4B-00C04F79EFBC}") = "Lab7", "Lab7\Lab7.csproj", "{516995B3-6185-4310-A189-47E7DF7F78E4}"
EndProject
Global
	GlobalSection(SolutionConfigurationPlatforms) = preSolution
		Debug|Any CPU = Debug|Any CPU
		Release|Any CPU = Release|Any CPU
	EndGlobalSection
	GlobalSection(ProjectConfigurationPlatforms) = postSolution
		{516995B3-6185-4310-A189-47E7DF7F78E4}.Debug|Any CPU.ActiveCfg = Debug|Any CPU
		{516995B3-6185-4310-A189-47E7DF7F78E4}.Debug|Any CPU.Build.0 = Debug|Any CPU
		{516995B3-6185-4310-A189-47E7DF7F78E4}.Release|Any CPU.ActiveCfg = Release|Any CPU
		{516995B3-6185-4310-A189-47E7DF7F78E4}.Release|Any CPU.Build.0 = Release|Any CPU
	EndGlobalSection
	GlobalSection(SolutionProperties) = preSolution
		HideSolutionNode = FALSE
	EndGlobalSection
	GlobalSection(ExtensibilityGlobals) = postSolution
		SolutionGuid = {73BC9500-3E06-4836-95EF-5C4AD5B9C05E}
	EndGlobalSection
EndGlobal
